{
  "version": "5",
  "specifiers": {
    "npm:@mercuryworkshop/bare-mux@2.1.9": "2.1.9",
    "npm:@mercuryworkshop/scramjet@1.1.0": "1.1.0"
  },
  "npm": {
    "@mercuryworkshop/bare-mux@2.1.9": {
      "integrity": "sha512-fiOqWm3VP0Bl8T+0l+qnb7ab9zO+PpKVbtJvOnMsefUv6kWIaoDtqyr9hd/t4gA8oBwgtyZVqIwO2J9nKY9ylw=="
    },
    "@mercuryworkshop/scramjet@1.1.0": {
      "integrity": "sha512-T/9GZqAQX42eYr/t6VGR2m9J4BtIuncRkANo8hBVTGskrr522yuhaADhSu+65DYlhUyQnLUjDikuNYzlgv0Ejw==",
      "dependencies": [
        "@mercuryworkshop/bare-mux",
        "dom-serializer",
        "domhandler",
        "domutils",
        "htmlparser2",
        "idb",
        "parse-domain",
        "set-cookie-parser"
      ],
      "scripts": true
    },
    "clone-regexp@3.0.0": {
      "integrity": "sha512-ujdnoq2Kxb8s3ItNBtnYeXdm07FcU0u8ARAT1lQ2YdMwQC+cdiXX8KoqMVuglztILivceTtp4ivqGSmEmhBUJw==",
      "dependencies": [
        "is-regexp"
      ]
    },
    "convert-hrtime@5.0.0": {
      "integrity": "sha512-lOETlkIeYSJWcbbcvjRKGxVMXJR+8+OQb/mTPbA4ObPMytYIsUbuOE0Jzy60hjARYszq1id0j8KgVhC+WGZVTg=="
    },
    "dom-serializer@2.0.0": {
      "integrity": "sha512-wIkAryiqt/nV5EQKqQpo3SToSOV9J0DnbJqwK7Wv/Trc92zIAYZ4FlMu+JPFW1DfGFt81ZTCGgDEabffXeLyJg==",
      "dependencies": [
        "domelementtype",
        "domhandler",
        "entities@4.5.0"
      ]
    },
    "domelementtype@2.3.0": {
      "integrity": "sha512-OLETBj6w0OsagBwdXnPdN0cnMfF9opN69co+7ZrbfPGrdpPVNBUj02spi6B1N7wChLQiPn4CSH/zJvXw56gmHw=="
    },
    "domhandler@5.0.3": {
      "integrity": "sha512-cgwlv/1iFQiFnU96XXgROh8xTeetsnJiDsTc7TYCLFd9+/WNkIqPTxiM/8pSd8VIrhXGTf1Ny1q1hquVqDJB5w==",
      "dependencies": [
        "domelementtype"
      ]
    },
    "domutils@3.2.2": {
      "integrity": "sha512-6kZKyUajlDuqlHKVX1w7gyslj9MPIXzIFiz/rGu35uC1wMi+kMhQwGhl4lt9unC9Vb9INnY9Z3/ZA3+FhASLaw==",
      "dependencies": [
        "dom-serializer",
        "domelementtype",
        "domhandler"
      ]
    },
    "entities@4.5.0": {
      "integrity": "sha512-V0hjH4dGPh9Ao5p0MoRY6BVqtwCjhz6vI5LT8AJ55H+4g9/4vbHx1I54fS0XuclLhDHArPQCiMjDxjaL8fPxhw=="
    },
    "entities@6.0.1": {
      "integrity": "sha512-aN97NXWF6AWBTahfVOIrB/NShkzi5H7F9r1s9mD3cDj4Ko5f2qhhVoYMibXF7GlLveb/D2ioWay8lxI97Ven3g=="
    },
    "function-timeout@0.1.1": {
      "integrity": "sha512-0NVVC0TaP7dSTvn1yMiy6d6Q8gifzbvQafO46RtLG/kHJUBNd+pVRGOBoK44wNBvtSPUJRfdVvkFdD3p0xvyZg=="
    },
    "htmlparser2@10.0.0": {
      "integrity": "sha512-TwAZM+zE5Tq3lrEHvOlvwgj1XLWQCtaaibSN11Q+gGBAS7Y1uZSWwXXRe4iF6OXnaq1riyQAPFOBtYc77Mxq0g==",
      "dependencies": [
        "domelementtype",
        "domhandler",
        "domutils",
        "entities@6.0.1"
      ]
    },
    "idb@8.0.3": {
      "integrity": "sha512-LtwtVyVYO5BqRvcsKuB2iUMnHwPVByPCXFXOpuU96IZPPoPN6xjOGxZQ74pgSVVLQWtUOYgyeL4GE98BY5D3wg=="
    },
    "ip-regex@5.0.0": {
      "integrity": "sha512-fOCG6lhoKKakwv+C6KdsOnGvgXnmgfmp0myi3bcNwj3qfwPAxRKWEuFhvEFF7ceYIz6+1jRZ+yguLFAmUNPEfw=="
    },
    "is-ip@5.0.1": {
      "integrity": "sha512-FCsGHdlrOnZQcp0+XT5a+pYowf33itBalCl+7ovNXC/7o5BhIpG14M3OrpPPdBSIQJCm+0M5+9mO7S9VVTTCFw==",
      "dependencies": [
        "ip-regex",
        "super-regex"
      ]
    },
    "is-regexp@3.1.0": {
      "integrity": "sha512-rbku49cWloU5bSMI+zaRaXdQHXnthP6DZ/vLnfdSKyL4zUzuWnomtOEiZZOd+ioQ+avFo/qau3KPTc7Fjy1uPA=="
    },
    "parse-domain@8.3.0": {
      "integrity": "sha512-oOjqUI93wiFHJlywlOKU9FEw60Q0LMy8S1s/AhnVhCB9LZkwIsCIZfqujeJ16u7rRzLdTEY2OpxlGRhLdnNNYA==",
      "dependencies": [
        "is-ip"
      ],
      "bin": true
    },
    "set-cookie-parser@2.7.2": {
      "integrity": "sha512-oeM1lpU/UvhTxw+g3cIfxXHyJRc/uidd3yK1P242gzHds0udQBYzs3y8j4gCCW+ZJ7ad0yctld8RYO+bdurlvw=="
    },
    "super-regex@0.2.0": {
      "integrity": "sha512-WZzIx3rC1CvbMDloLsVw0lkZVKJWbrkJ0k1ghKFmcnPrW1+jWbgTkTEWVtD9lMdmI4jZEz40+naBxl1dCUhXXw==",
      "dependencies": [
        "clone-regexp",
        "function-timeout",
        "time-span"
      ]
    },
    "time-span@5.1.0": {
      "integrity": "sha512-75voc/9G4rDIJleOo4jPvN4/YC4GRZrY8yy1uU4lwrB3XEQbWve8zXoO5No4eFrGcTAMYyoY67p8jRQdtA1HbA==",
      "dependencies": [
        "convert-hrtime"
      ]
    }
  }
}
